// !$*UTF8*$!
{
	archiveVersion = 1;
	classes = {
	};
	objectVersion = 46;
	objects = {

/* Begin PBXBuildFile section */
		27E2A2621C2A460C000923B0 /* MemeTableViewController.swift in Sources */ = {isa = PBXBuildFile; fileRef = 27E2A2611C2A460C000923B0 /* MemeTableViewController.swift */; };
		27E2A2641C2A4E80000923B0 /* MemeCollectionViewController.swift in Sources */ = {isa = PBXBuildFile; fileRef = 27E2A2631C2A4E80000923B0 /* MemeCollectionViewController.swift */; };
		27E2A26B1C2DA1CC000923B0 /* MemeCollectionViewCell.swift in Sources */ = {isa = PBXBuildFile; fileRef = 27E2A26A1C2DA1CC000923B0 /* MemeCollectionViewCell.swift */; };
		4CA6460B1C14BCE00092CE41 /* AppDelegate.swift in Sources */ = {isa = PBXBuildFile; fileRef = 4CA6460A1C14BCE00092CE41 /* AppDelegate.swift */; };
		4CA6460D1C14BCE00092CE41 /* MemeViewController.swift in Sources */ = {isa = PBXBuildFile; fileRef = 4CA6460C1C14BCE00092CE41 /* MemeViewController.swift */; };
		4CA646101C14BCE00092CE41 /* Main.storyboard in Resources */ = {isa = PBXBuildFile; fileRef = 4CA6460E1C14BCE00092CE41 /* Main.storyboard */; };
		4CA646121C14BCE00092CE41 /* Assets.xcassets in Resources */ = {isa = PBXBuildFile; fileRef = 4CA646111C14BCE00092CE41 /* Assets.xcassets */; };
		4CA646151C14BCE00092CE41 /* LaunchScreen.storyboard in Resources */ = {isa = PBXBuildFile; fileRef = 4CA646131C14BCE00092CE41 /* LaunchScreen.storyboard */; };
		4CA6461D1C14C10A0092CE41 /* Meme.swift in Sources */ = {isa = PBXBuildFile; fileRef = 4CA6461C1C14C10A0092CE41 /* Meme.swift */; };
/* End PBXBuildFile section */

/* Begin PBXFileReference section */
		27E2A2611C2A460C000923B0 /* MemeTableViewController.swift */ = {isa = PBXFileReference; fileEncoding = 4; lastKnownFileType = sourcecode.swift; path = MemeTableViewController.swift; sourceTree = "<group>"; };
		27E2A2631C2A4E80000923B0 /* MemeCollectionViewController.swift */ = {isa = PBXFileReference; fileEncoding = 4; lastKnownFileType = sourcecode.swift; path = MemeCollectionViewController.swift; sourceTree = "<group>"; };
		27E2A26A1C2DA1CC000923B0 /* MemeCollectionViewCell.swift */ = {isa = PBXFileReference; fileEncoding = 4; lastKnownFileType = sourcecode.swift; path = MemeCollectionViewCell.swift; sourceTree = "<group>"; };
		4CA646071C14BCE00092CE41 /* MemeMaker.app */ = {isa = PBXFileReference; explicitFileType = wrapper.application; includeInIndex = 0; path = MemeMaker.app; sourceTree = BUILT_PRODUCTS_DIR; };
		4CA6460A1C14BCE00092CE41 /* AppDelegate.swift */ = {isa = PBXFileReference; lastKnownFileType = sourcecode.swift; path = AppDelegate.swift; sourceTree = "<group>"; };
		4CA6460C1C14BCE00092CE41 /* MemeViewController.swift */ = {isa = PBXFileReference; lastKnownFileType = sourcecode.swift; path = MemeViewController.swift; sourceTree = "<group>"; };
		4CA6460F1C14BCE00092CE41 /* Base */ = {isa = PBXFileReference; lastKnownFileType = file.storyboard; name = Base; path = Base.lproj/Main.storyboard; sourceTree = "<group>"; };
		4CA646111C14BCE00092CE41 /* Assets.xcassets */ = {isa = PBXFileReference; lastKnownFileType = folder.assetcatalog; path = Assets.xcassets; sourceTree = "<group>"; };
		4CA646141C14BCE00092CE41 /* Base */ = {isa = PBXFileReference; lastKnownFileType = file.storyboard; name = Base; path = Base.lproj/LaunchScreen.storyboard; sourceTree = "<group>"; };
		4CA646161C14BCE00092CE41 /* Info.plist */ = {isa = PBXFileReference; lastKnownFileType = text.plist.xml; path = Info.plist; sourceTree = "<group>"; };
		4CA6461C1C14C10A0092CE41 /* Meme.swift */ = {isa = PBXFileReference; fileEncoding = 4; lastKnownFileType = sourcecode.swift; path = Meme.swift; sourceTree = "<group>"; };
/* End PBXFileReference section */

/* Begin PBXFrameworksBuildPhase section */
		4CA646041C14BCE00092CE41 /* Frameworks */ = {
			isa = PBXFrameworksBuildPhase;
			buildActionMask = 2147483647;
			files = (
			);
			runOnlyForDeploymentPostprocessing = 0;
		};
/* End PBXFrameworksBuildPhase section */

/* Begin PBXGroup section */
		27E2A2651C2DA172000923B0 /* Controllers */ = {
			isa = PBXGroup;
			children = (
				4CA6460C1C14BCE00092CE41 /* MemeViewController.swift */,
				27E2A2611C2A460C000923B0 /* MemeTableViewController.swift */,
				27E2A2631C2A4E80000923B0 /* MemeCollectionViewController.swift */,
			);
			name = Controllers;
			sourceTree = "<group>";
		};
		27E2A2661C2DA18C000923B0 /* Model */ = {
			isa = PBXGroup;
			children = (
				4CA6461C1C14C10A0092CE41 /* Meme.swift */,
			);
			name = Model;
			sourceTree = "<group>";
		};
		27E2A2691C2DA1B3000923B0 /* View */ = {
			isa = PBXGroup;
			children = (
				27E2A26A1C2DA1CC000923B0 /* MemeCollectionViewCell.swift */,
			);
			name = View;
			sourceTree = "<group>";
		};
		4CA645FE1C14BCE00092CE41 = {
			isa = PBXGroup;
			children = (
				4CA646091C14BCE00092CE41 /* MemeMaker */,
				4CA646081C14BCE00092CE41 /* Products */,
			);
			sourceTree = "<group>";
		};
		4CA646081C14BCE00092CE41 /* Products */ = {
			isa = PBXGroup;
			children = (
				4CA646071C14BCE00092CE41 /* MemeMaker.app */,
			);
			name = Products;
			sourceTree = "<group>";
		};
		4CA646091C14BCE00092CE41 /* MemeMaker */ = {
			isa = PBXGroup;
			children = (
				27E2A2691C2DA1B3000923B0 /* View */,
				27E2A2661C2DA18C000923B0 /* Model */,
				27E2A2651C2DA172000923B0 /* Controllers */,
				4CA6460A1C14BCE00092CE41 /* AppDelegate.swift */,
				4CA6460E1C14BCE00092CE41 /* Main.storyboard */,
				4CA646111C14BCE00092CE41 /* Assets.xcassets */,
				4CA646131C14BCE00092CE41 /* LaunchScreen.storyboard */,
				4CA646161C14BCE00092CE41 /* Info.plist */,
			);
			path = MemeMaker;
			sourceTree = "<group>";
		};
/* End PBXGroup section */

/* Begin PBXNativeTarget section */
		4CA646061C14BCE00092CE41 /* MemeMaker */ = {
			isa = PBXNativeTarget;
			buildConfigurationList = 4CA646191C14BCE00092CE41 /* Build configuration list for PBXNativeTarget "MemeMaker" */;
			buildPhases = (
				4CA646031C14BCE00092CE41 /* Sources */,
				4CA646041C14BCE00092CE41 /* Frameworks */,
				4CA646051C14BCE00092CE41 /* Resources */,
			);
			buildRules = (
			);
			dependencies = (
			);
			name = MemeMaker;
			productName = MemeMaker;
			productReference = 4CA646071C14BCE00092CE41 /* MemeMaker.app */;
			productType = "com.apple.product-type.application";
		};
/* End PBXNativeTarget section */

/* Begin PBXProject section */
		4CA645FF1C14BCE00092CE41 /* Project object */ = {
			isa = PBXProject;
			attributes = {
				LastSwiftUpdateCheck = 0710;
				LastUpgradeCheck = 0710;
				ORGANIZATIONNAME = "Mike Folcher";
				TargetAttributes = {
					4CA646061C14BCE00092CE41 = {
						CreatedOnToolsVersion = 7.1.1;
					};
				};
			};
			buildConfigurationList = 4CA646021C14BCE00092CE41 /* Build configuration list for PBXProject "MemeMaker" */;
			compatibilityVersion = "Xcode 3.2";
			developmentRegion = English;
			hasScannedForEncodings = 0;
			knownRegions = (
				en,
				Base,
			);
			mainGroup = 4CA645FE1C14BCE00092CE41;
			productRefGroup = 4CA646081C14BCE00092CE41 /* Products */;
			projectDirPath = "";
			projectRoot = "";
			targets = (
				4CA646061C14BCE00092CE41 /* MemeMaker */,
			);
		};
/* End PBXProject section */

/* Begin PBXResourcesBuildPhase section */
		4CA646051C14BCE00092CE41 /* Resources */ = {
			isa = PBXResourcesBuildPhase;
			buildActionMask = 2147483647;
			files = (
				4CA646151C14BCE00092CE41 /* LaunchScreen.storyboard in Resources */,
				4CA646121C14BCE00092CE41 /* Assets.xcassets in Resources */,
				4CA646101C14BCE00092CE41 /* Main.storyboard in Resources */,
			);
			runOnlyForDeploymentPostprocessing = 0;
		};
/* End PBXResourcesBuildPhase section */

/* Begin PBXSourcesBuildPhase section */
		4CA646031C14BCE00092CE41 /* Sources */ = {
			isa = PBXSourcesBuildPhase;
			buildActionMask = 2147483647;
			files = (
				27E2A26B1C2DA1CC000923B0 /* MemeCollectionViewCell.swift in Sources */,
				4CA6461D1C14C10A0092CE41 /* Meme.swift in Sources */,
				4CA6460D1C14BCE00092CE41 /* MemeViewController.swift in Sources */,
				27E2A2641C2A4E80000923B0 /* MemeCollectionViewController.swift in Sources */,
				4CA6460B1C14BCE00092CE41 /* AppDelegate.swift in Sources */,
				27E2A2621C2A460C000923B0 /* MemeTableViewController.swift in Sources */,
			);
			runOnlyForDeploymentPostprocessing = 0;
		};
/* End PBXSourcesBuildPhase section */

/* Begin PBXVariantGroup section */
		4CA6460E1C14BCE00092CE41 /* Main.storyboard */ = {
			isa = PBXVariantGroup;
			children = (
				4CA6460F1C14BCE00092CE41 /* Base */,
			);
			name = Main.storyboard;
			sourceTree = "<group>";
		};
		4CA646131C14BCE00092CE41 /* LaunchScreen.storyboard */ = {
			isa = PBXVariantGroup;
			children = (
				4CA646141C14BCE00092CE41 /* Base */,
			);
			name = LaunchScreen.storyboard;
			sourceTree = "<group>";
		};
/* End PBXVariantGroup section */

/* Begin XCBuildConfiguration section */
		4CA646171C14BCE00092CE41 /* Debug */ = {
			isa = XCBuildConfiguration;
			buildSettings = {
				ALWAYS_SEARCH_USER_PATHS = NO;
				CLANG_CXX_LANGUAGE_STANDARD = "gnu++0x";
				CLANG_CXX_LIBRARY = "libc++";
				CLANG_ENABLE_MODULES = YES;
				CLANG_ENABLE_OBJC_ARC = YES;
				CLANG_WARN_BOOL_CONVERSION = YES;
				CLANG_WARN_CONSTANT_CONVERSION = YES;
				CLANG_WARN_DIRECT_OBJC_ISA_USAGE = YES_ERROR;
				CLANG_WARN_EMPTY_BODY = YES;
				CLANG_WARN_ENUM_CONVERSION = YES;
				CLANG_WARN_INT_CONVERSION = YES;
				CLANG_WARN_OBJC_ROOT_CLASS = YES_ERROR;
				CLANG_WARN_UNREACHABLE_CODE = YES;
				CLANG_WARN__DUPLICATE_METHOD_MATCH = YES;
				"CODE_SIGN_IDENTITY[sdk=iphoneos*]" = "iPhone Developer";
				COPY_PHASE_STRIP = NO;
				DEBUG_INFORMATION_FORMAT = dwarf;
				ENABLE_STRICT_OBJC_MSGSEND = YES;
				ENABLE_TESTABILITY = YES;
				GCC_C_LANGUAGE_STANDARD = gnu99;
				GCC_DYNAMIC_NO_PIC = NO;
				GCC_NO_COMMON_BLOCKS = YES;
				GCC_OPTIMIZATION_LEVEL = 0;
				GCC_PREPROCESSOR_DEFINITIONS = (
					"DEBUG=1",
					"$(inherited)",
				);
				GCC_WARN_64_TO_32_BIT_CONVERSION = YES;
				GCC_WARN_ABOUT_RETURN_TYPE = YES_ERROR;
				GCC_WARN_UNDECLARED_SELECTOR = YES;
				GCC_WARN_UNINITIALIZED_AUTOS = YES_AGGRESSIVE;
				GCC_WARN_UNUSED_FUNCTION = YES;
				GCC_WARN_UNUSED_VARIABLE = YES;
				IPHONEOS_DEPLOYMENT_TARGET = 9.1;
				MTL_ENABLE_DEBUG_INFO = YES;
				ONLY_ACTIVE_ARCH = YES;
				SDKROOT = iphoneos;
				SWIFT_OPTIMIZATION_LEVEL = "-Onone";
			};
			name = Debug;
		};
		4CA646181C14BCE00092CE41 /* Release */ = {
			isa = XCBuildConfiguration;
			buildSettings = {
				ALWAYS_SEARCH_USER_PATHS = NO;
				CLANG_CXX_LANGUAGE_STANDARD = "gnu++0x";
				CLANG_CXX_LIBRARY = "libc++";
				CLANG_ENABLE_MODULES = YES;
				CLANG_ENABLE_OBJC_ARC = YES;
				CLANG_WARN_BOOL_CONVERSION = YES;
				CLANG_WARN_CONSTANT_CONVERSION = YES;
				CLANG_WARN_DIRECT_OBJC_ISA_USAGE = YES_ERROR;
				CLANG_WARN_EMPTY_BODY = YES;
				CLANG_WARN_ENUM_CONVERSION = YES;
				CLANG_WARN_INT_CONVERSION = YES;
				CLANG_WARN_OBJC_ROOT_CLASS = YES_ERROR;
				CLANG_WARN_UNREACHABLE_CODE = YES;
				CLANG_WARN__DUPLICATE_METHOD_MATCH = YES;
				"CODE_SIGN_IDENTITY[sdk=iphoneos*]" = "iPhone Developer";
				COPY_PHASE_STRIP = NO;
				DEBUG_INFORMATION_FORMAT = "dwarf-with-dsym";
				ENABLE_NS_ASSERTIONS = NO;
				ENABLE_STRICT_OBJC_MSGSEND = YES;
				GCC_C_LANGUAGE_STANDARD = gnu99;
				GCC_NO_COMMON_BLOCKS = YES;
				GCC_WARN_64_TO_32_BIT_CONVERSION = YES;
				GCC_WARN_ABOUT_RETURN_TYPE = YES_ERROR;
				GCC_WARN_UNDECLARED_SELECTOR = YES;
				GCC_WARN_UNINITIALIZED_AUTOS = YES_AGGRESSIVE;
				GCC_WARN_UNUSED_FUNCTION = YES;
				GCC_WARN_UNUSED_VARIABLE = YES;
				IPHONEOS_DEPLOYMENT_TARGET = 9.1;
				MTL_ENABLE_DEBUG_INFO = NO;
				SDKROOT = iphoneos;
				VALIDATE_PRODUCT = YES;
			};
			name = Release;
		};
		4CA6461A1C14BCE00092CE41 /* Debug */ = {
			isa = XCBuildConfiguration;
			buildSettings = {
				ASSETCATALOG_COMPILER_APPICON_NAME = AppIcon;
				INFOPLIST_FILE = MemeMaker/Info.plist;
				LD_RUNPATH_SEARCH_PATHS = "$(inherited) @executable_path/Frameworks";
				PRODUCT_BUNDLE_IDENTIFIER = com.sungardps.bethlehem.MemeMaker;
				PRODUCT_NAME = "$(TARGET_NAME)";
			};
			name = Debug;
		};
		4CA6461B1C14BCE00092CE41 /* Release */ = {
			isa = XCBuildConfiguration;
			buildSettings = {
				ASSETCATALOG_COMPILER_APPICON_NAME = AppIcon;
				INFOPLIST_FILE = MemeMaker/Info.plist;
				LD_RUNPATH_SEARCH_PATHS = "$(inherited) @executable_path/Frameworks";
				PRODUCT_BUNDLE_IDENTIFIER = com.sungardps.bethlehem.MemeMaker;
				PRODUCT_NAME = "$(TARGET_NAME)";
			};
			name = Release;
		};
/* End XCBuildConfiguration section */

/* Begin XCConfigurationList section */
		4CA646021C14BCE00092CE41 /* Build configuration list for PBXProject "MemeMaker" */ = {
			isa = XCConfigurationList;
			buildConfigurations = (
				4CA646171C14BCE00092CE41 /* Debug */,
				4CA646181C14BCE00092CE41 /* Release */,
			);
			defaultConfigurationIsVisible = 0;
			defaultConfigurationName = Release;
		};
		4CA646191C14BCE00092CE41 /* Build configuration list for PBXNativeTarget "MemeMaker" */ = {
			isa = XCConfigurationList;
			buildConfigurations = (
				4CA6461A1C14BCE00092CE41 /* Debug */,
				4CA6461B1C14BCE00092CE41 /* Release */,
			);
			defaultConfigurationIsVisible = 0;
			defaultConfigurationName = Release;
		};
/* End XCConfigurationList section */
	};
	rootObject = 4CA645FF1C14BCE00092CE41 /* Project object */;
}
